// !$*UTF8*$!
{
	archiveVersion = 1;
	classes = {
	};
	objectVersion = 46;
	objects = {

/* Begin PBXBuildFile section */
		0E0051317D4A48C9858C0EE8 /* libPods-DiagramFinalProject.a in Frameworks */ = {isa = PBXBuildFile; fileRef = 805FFD02800E48C4BE5CFD72 /* libPods-DiagramFinalProject.a */; };
		1D103BC41976F4400050F092 /* NodeMapTests.m in Sources */ = {isa = PBXBuildFile; fileRef = 1D103BC31976F4400050F092 /* NodeMapTests.m */; };
		1D353723197C182B0005747F /* CRMapDrawerViewController.m in Sources */ = {isa = PBXBuildFile; fileRef = 1D353722197C182B0005747F /* CRMapDrawerViewController.m */; };
		1D35372B197C18D90005747F /* CRBaseViewController.m in Sources */ = {isa = PBXBuildFile; fileRef = 1D35372A197C18D90005747F /* CRBaseViewController.m */; };
		1D353731197C199D0005747F /* CRMapListViewController.m in Sources */ = {isa = PBXBuildFile; fileRef = 1D353730197C199D0005747F /* CRMapListViewController.m */; };
		1D353734197C1A8E0005747F /* CRMapList.m in Sources */ = {isa = PBXBuildFile; fileRef = 1D353733197C1A8E0005747F /* CRMapList.m */; };
		1D353739197C1C6E0005747F /* CRMapCollectionViewCell.m in Sources */ = {isa = PBXBuildFile; fileRef = 1D353738197C1C6E0005747F /* CRMapCollectionViewCell.m */; };
		1D35373F197C1F980005747F /* CRMapCollectionFlowLayout.m in Sources */ = {isa = PBXBuildFile; fileRef = 1D35373E197C1F980005747F /* CRMapCollectionFlowLayout.m */; };
		1D353741197C3B7E0005747F /* maps.plist in Resources */ = {isa = PBXBuildFile; fileRef = 1D353740197C3B7E0005747F /* maps.plist */; };
		1D353744197C43080005747F /* CRDocumentNameView.m in Sources */ = {isa = PBXBuildFile; fileRef = 1D353743197C43080005747F /* CRDocumentNameView.m */; };
		1D5EA81119753267006C9650 /* CRAppDelegateTests.m in Sources */ = {isa = PBXBuildFile; fileRef = 1D5EA81019753267006C9650 /* CRAppDelegateTests.m */; };
		1D890A3E1973DB320038D983 /* Foundation.framework in Frameworks */ = {isa = PBXBuildFile; fileRef = 1D890A3D1973DB320038D983 /* Foundation.framework */; };
		1D890A401973DB320038D983 /* CoreGraphics.framework in Frameworks */ = {isa = PBXBuildFile; fileRef = 1D890A3F1973DB320038D983 /* CoreGraphics.framework */; };
		1D890A421973DB320038D983 /* UIKit.framework in Frameworks */ = {isa = PBXBuildFile; fileRef = 1D890A411973DB320038D983 /* UIKit.framework */; };
		1D890A481973DB320038D983 /* InfoPlist.strings in Resources */ = {isa = PBXBuildFile; fileRef = 1D890A461973DB320038D983 /* InfoPlist.strings */; };
		1D890A4A1973DB320038D983 /* main.m in Sources */ = {isa = PBXBuildFile; fileRef = 1D890A491973DB320038D983 /* main.m */; };
		1D890A4E1973DB320038D983 /* CRAppDelegate.m in Sources */ = {isa = PBXBuildFile; fileRef = 1D890A4D1973DB320038D983 /* CRAppDelegate.m */; };
		1D890A511973DB320038D983 /* Main.storyboard in Resources */ = {isa = PBXBuildFile; fileRef = 1D890A4F1973DB320038D983 /* Main.storyboard */; };
		1D890A541973DB320038D983 /* CRNodeListViewController.m in Sources */ = {isa = PBXBuildFile; fileRef = 1D890A531973DB320038D983 /* CRNodeListViewController.m */; };
		1D890A561973DB320038D983 /* Images.xcassets in Resources */ = {isa = PBXBuildFile; fileRef = 1D890A551973DB320038D983 /* Images.xcassets */; };
		1D890A5D1973DB330038D983 /* XCTest.framework in Frameworks */ = {isa = PBXBuildFile; fileRef = 1D890A5C1973DB330038D983 /* XCTest.framework */; };
		1D890A5E1973DB330038D983 /* Foundation.framework in Frameworks */ = {isa = PBXBuildFile; fileRef = 1D890A3D1973DB320038D983 /* Foundation.framework */; };
		1D890A5F1973DB330038D983 /* UIKit.framework in Frameworks */ = {isa = PBXBuildFile; fileRef = 1D890A411973DB320038D983 /* UIKit.framework */; };
		1D890A671973DB330038D983 /* InfoPlist.strings in Resources */ = {isa = PBXBuildFile; fileRef = 1D890A651973DB330038D983 /* InfoPlist.strings */; };
		1D890A751973DB510038D983 /* DiagramModel.xcdatamodeld in Sources */ = {isa = PBXBuildFile; fileRef = 1D890A731973DB510038D983 /* DiagramModel.xcdatamodeld */; };
		1D890A8419740BB00038D983 /* Node+Model.m in Sources */ = {isa = PBXBuildFile; fileRef = 1D890A8319740BB00038D983 /* Node+Model.m */; };
		1D890A871974143C0038D983 /* CRNodeTableViewCell.m in Sources */ = {isa = PBXBuildFile; fileRef = 1D890A861974143C0038D983 /* CRNodeTableViewCell.m */; };
		1D890A8A19741DAB0038D983 /* CREditNodeViewController.m in Sources */ = {isa = PBXBuildFile; fileRef = 1D890A8919741DAB0038D983 /* CREditNodeViewController.m */; };
		1D8B2CFA19753EDB00C67FB1 /* NodeTests.m in Sources */ = {isa = PBXBuildFile; fileRef = 1D8B2CF919753EDB00C67FB1 /* NodeTests.m */; };
		1D8B2CFB197540DD00C67FB1 /* DiagramModel.xcdatamodeld in Sources */ = {isa = PBXBuildFile; fileRef = 1D890A731973DB510038D983 /* DiagramModel.xcdatamodeld */; };
		1D8B2D091975D9C900C67FB1 /* CRNodeMap.m in Sources */ = {isa = PBXBuildFile; fileRef = 1D8B2D081975D9C900C67FB1 /* CRNodeMap.m */; };
		1DC113071978444C002F8148 /* CRSquareFigureView.m in Sources */ = {isa = PBXBuildFile; fileRef = 1DC113061978444C002F8148 /* CRSquareFigureView.m */; };
		1DC1130B197860F3002F8148 /* CRColoursView.m in Sources */ = {isa = PBXBuildFile; fileRef = 1DC1130A197860F3002F8148 /* CRColoursView.m */; };
		1DC1130E197869F2002F8148 /* paleta.png in Resources */ = {isa = PBXBuildFile; fileRef = 1DC1130D197869F2002F8148 /* paleta.png */; };
		1DC113111978818D002F8148 /* UIFont+Common.m in Sources */ = {isa = PBXBuildFile; fileRef = 1DC113101978818D002F8148 /* UIFont+Common.m */; };
		1DC1131719788486002F8148 /* background.png in Resources */ = {isa = PBXBuildFile; fileRef = 1DC1131619788486002F8148 /* background.png */; };
		1DC1131A19792C69002F8148 /* Node.m in Sources */ = {isa = PBXBuildFile; fileRef = 1DC1131919792C69002F8148 /* Node.m */; };
		D6F117AE57B7483BA7067F00 /* libPods-DiagramFinalProjectTests.a in Frameworks */ = {isa = PBXBuildFile; fileRef = C17D554B018F4A15BBE93B0F /* libPods-DiagramFinalProjectTests.a */; };
/* End PBXBuildFile section */

/* Begin PBXContainerItemProxy section */
		1D890A601973DB330038D983 /* PBXContainerItemProxy */ = {
			isa = PBXContainerItemProxy;
			containerPortal = 1D890A321973DB320038D983 /* Project object */;
			proxyType = 1;
			remoteGlobalIDString = 1D890A391973DB320038D983;
			remoteInfo = DiagramFinalProject;
		};
/* End PBXContainerItemProxy section */

/* Begin PBXFileReference section */
		1D103BC31976F4400050F092 /* NodeMapTests.m */ = {isa = PBXFileReference; fileEncoding = 4; lastKnownFileType = sourcecode.c.objc; path = NodeMapTests.m; sourceTree = "<group>"; };
		1D353721197C182B0005747F /* CRMapDrawerViewController.h */ = {isa = PBXFileReference; fileEncoding = 4; lastKnownFileType = sourcecode.c.h; path = CRMapDrawerViewController.h; sourceTree = "<group>"; };
		1D353722197C182B0005747F /* CRMapDrawerViewController.m */ = {isa = PBXFileReference; fileEncoding = 4; lastKnownFileType = sourcecode.c.objc; path = CRMapDrawerViewController.m; sourceTree = "<group>"; };
		1D353729197C18D90005747F /* CRBaseViewController.h */ = {isa = PBXFileReference; fileEncoding = 4; lastKnownFileType = sourcecode.c.h; path = CRBaseViewController.h; sourceTree = "<group>"; };
		1D35372A197C18D90005747F /* CRBaseViewController.m */ = {isa = PBXFileReference; fileEncoding = 4; lastKnownFileType = sourcecode.c.objc; path = CRBaseViewController.m; sourceTree = "<group>"; };
		1D35372F197C199D0005747F /* CRMapListViewController.h */ = {isa = PBXFileReference; fileEncoding = 4; lastKnownFileType = sourcecode.c.h; path = CRMapListViewController.h; sourceTree = "<group>"; };
		1D353730197C199D0005747F /* CRMapListViewController.m */ = {isa = PBXFileReference; fileEncoding = 4; lastKnownFileType = sourcecode.c.objc; path = CRMapListViewController.m; sourceTree = "<group>"; };
		1D353732197C1A8E0005747F /* CRMapList.h */ = {isa = PBXFileReference; fileEncoding = 4; lastKnownFileType = sourcecode.c.h; path = CRMapList.h; sourceTree = "<group>"; };
		1D353733197C1A8E0005747F /* CRMapList.m */ = {isa = PBXFileReference; fileEncoding = 4; lastKnownFileType = sourcecode.c.objc; path = CRMapList.m; sourceTree = "<group>"; };
		1D353737197C1C6E0005747F /* CRMapCollectionViewCell.h */ = {isa = PBXFileReference; fileEncoding = 4; lastKnownFileType = sourcecode.c.h; path = CRMapCollectionViewCell.h; sourceTree = "<group>"; };
		1D353738197C1C6E0005747F /* CRMapCollectionViewCell.m */ = {isa = PBXFileReference; fileEncoding = 4; lastKnownFileType = sourcecode.c.objc; path = CRMapCollectionViewCell.m; sourceTree = "<group>"; };
		1D35373D197C1F980005747F /* CRMapCollectionFlowLayout.h */ = {isa = PBXFileReference; fileEncoding = 4; lastKnownFileType = sourcecode.c.h; path = CRMapCollectionFlowLayout.h; sourceTree = "<group>"; };
		1D35373E197C1F980005747F /* CRMapCollectionFlowLayout.m */ = {isa = PBXFileReference; fileEncoding = 4; lastKnownFileType = sourcecode.c.objc; path = CRMapCollectionFlowLayout.m; sourceTree = "<group>"; };
		1D353740197C3B7E0005747F /* maps.plist */ = {isa = PBXFileReference; fileEncoding = 4; lastKnownFileType = text.plist.xml; path = maps.plist; sourceTree = "<group>"; };
		1D353742197C43080005747F /* CRDocumentNameView.h */ = {isa = PBXFileReference; fileEncoding = 4; lastKnownFileType = sourcecode.c.h; path = CRDocumentNameView.h; sourceTree = "<group>"; };
		1D353743197C43080005747F /* CRDocumentNameView.m */ = {isa = PBXFileReference; fileEncoding = 4; lastKnownFileType = sourcecode.c.objc; path = CRDocumentNameView.m; sourceTree = "<group>"; };
		1D5EA81019753267006C9650 /* CRAppDelegateTests.m */ = {isa = PBXFileReference; fileEncoding = 4; lastKnownFileType = sourcecode.c.objc; path = CRAppDelegateTests.m; sourceTree = "<group>"; };
		1D890A3A1973DB320038D983 /* DiagramFinalProject.app */ = {isa = PBXFileReference; explicitFileType = wrapper.application; includeInIndex = 0; path = DiagramFinalProject.app; sourceTree = BUILT_PRODUCTS_DIR; };
		1D890A3D1973DB320038D983 /* Foundation.framework */ = {isa = PBXFileReference; lastKnownFileType = wrapper.framework; name = Foundation.framework; path = System/Library/Frameworks/Foundation.framework; sourceTree = SDKROOT; };
		1D890A3F1973DB320038D983 /* CoreGraphics.framework */ = {isa = PBXFileReference; lastKnownFileType = wrapper.framework; name = CoreGraphics.framework; path = System/Library/Frameworks/CoreGraphics.framework; sourceTree = SDKROOT; };
		1D890A411973DB320038D983 /* UIKit.framework */ = {isa = PBXFileReference; lastKnownFileType = wrapper.framework; name = UIKit.framework; path = System/Library/Frameworks/UIKit.framework; sourceTree = SDKROOT; };
		1D890A451973DB320038D983 /* DiagramFinalProject-Info.plist */ = {isa = PBXFileReference; lastKnownFileType = text.plist.xml; path = "DiagramFinalProject-Info.plist"; sourceTree = "<group>"; };
		1D890A471973DB320038D983 /* en */ = {isa = PBXFileReference; lastKnownFileType = text.plist.strings; name = en; path = en.lproj/InfoPlist.strings; sourceTree = "<group>"; };
		1D890A491973DB320038D983 /* main.m */ = {isa = PBXFileReference; lastKnownFileType = sourcecode.c.objc; path = main.m; sourceTree = "<group>"; };
		1D890A4B1973DB320038D983 /* DiagramFinalProject-Prefix.pch */ = {isa = PBXFileReference; lastKnownFileType = sourcecode.c.h; path = "DiagramFinalProject-Prefix.pch"; sourceTree = "<group>"; };
		1D890A4C1973DB320038D983 /* CRAppDelegate.h */ = {isa = PBXFileReference; lastKnownFileType = sourcecode.c.h; path = CRAppDelegate.h; sourceTree = "<group>"; };
		1D890A4D1973DB320038D983 /* CRAppDelegate.m */ = {isa = PBXFileReference; lastKnownFileType = sourcecode.c.objc; path = CRAppDelegate.m; sourceTree = "<group>"; };
		1D890A501973DB320038D983 /* Base */ = {isa = PBXFileReference; lastKnownFileType = file.storyboard; name = Base; path = Base.lproj/Main.storyboard; sourceTree = "<group>"; };
		1D890A521973DB320038D983 /* CRNodeListViewController.h */ = {isa = PBXFileReference; lastKnownFileType = sourcecode.c.h; path = CRNodeListViewController.h; sourceTree = "<group>"; };
		1D890A531973DB320038D983 /* CRNodeListViewController.m */ = {isa = PBXFileReference; lastKnownFileType = sourcecode.c.objc; path = CRNodeListViewController.m; sourceTree = "<group>"; };
		1D890A551973DB320038D983 /* Images.xcassets */ = {isa = PBXFileReference; lastKnownFileType = folder.assetcatalog; path = Images.xcassets; sourceTree = "<group>"; };
		1D890A5B1973DB330038D983 /* DiagramFinalProjectTests.xctest */ = {isa = PBXFileReference; explicitFileType = wrapper.cfbundle; includeInIndex = 0; path = DiagramFinalProjectTests.xctest; sourceTree = BUILT_PRODUCTS_DIR; };
		1D890A5C1973DB330038D983 /* XCTest.framework */ = {isa = PBXFileReference; lastKnownFileType = wrapper.framework; name = XCTest.framework; path = Library/Frameworks/XCTest.framework; sourceTree = DEVELOPER_DIR; };
		1D890A641973DB330038D983 /* DiagramFinalProjectTests-Info.plist */ = {isa = PBXFileReference; lastKnownFileType = text.plist.xml; path = "DiagramFinalProjectTests-Info.plist"; sourceTree = "<group>"; };
		1D890A661973DB330038D983 /* en */ = {isa = PBXFileReference; lastKnownFileType = text.plist.strings; name = en; path = en.lproj/InfoPlist.strings; sourceTree = "<group>"; };
		1D890A741973DB510038D983 /* DiagramModel.xcdatamodel */ = {isa = PBXFileReference; lastKnownFileType = wrapper.xcdatamodel; path = DiagramModel.xcdatamodel; sourceTree = "<group>"; };
		1D890A8219740BB00038D983 /* Node+Model.h */ = {isa = PBXFileReference; fileEncoding = 4; lastKnownFileType = sourcecode.c.h; path = "Node+Model.h"; sourceTree = "<group>"; };
		1D890A8319740BB00038D983 /* Node+Model.m */ = {isa = PBXFileReference; fileEncoding = 4; lastKnownFileType = sourcecode.c.objc; path = "Node+Model.m"; sourceTree = "<group>"; };
		1D890A851974143C0038D983 /* CRNodeTableViewCell.h */ = {isa = PBXFileReference; fileEncoding = 4; lastKnownFileType = sourcecode.c.h; path = CRNodeTableViewCell.h; sourceTree = "<group>"; };
		1D890A861974143C0038D983 /* CRNodeTableViewCell.m */ = {isa = PBXFileReference; fileEncoding = 4; lastKnownFileType = sourcecode.c.objc; path = CRNodeTableViewCell.m; sourceTree = "<group>"; };
		1D890A8819741DAB0038D983 /* CREditNodeViewController.h */ = {isa = PBXFileReference; fileEncoding = 4; lastKnownFileType = sourcecode.c.h; path = CREditNodeViewController.h; sourceTree = "<group>"; };
		1D890A8919741DAB0038D983 /* CREditNodeViewController.m */ = {isa = PBXFileReference; fileEncoding = 4; lastKnownFileType = sourcecode.c.objc; path = CREditNodeViewController.m; sourceTree = "<group>"; };
		1D8B2CF919753EDB00C67FB1 /* NodeTests.m */ = {isa = PBXFileReference; fileEncoding = 4; lastKnownFileType = sourcecode.c.objc; path = NodeTests.m; sourceTree = "<group>"; };
		1D8B2D071975D9C900C67FB1 /* CRNodeMap.h */ = {isa = PBXFileReference; fileEncoding = 4; lastKnownFileType = sourcecode.c.h; path = CRNodeMap.h; sourceTree = "<group>"; };
		1D8B2D081975D9C900C67FB1 /* CRNodeMap.m */ = {isa = PBXFileReference; fileEncoding = 4; lastKnownFileType = sourcecode.c.objc; path = CRNodeMap.m; sourceTree = "<group>"; };
		1DC113051978444C002F8148 /* CRSquareFigureView.h */ = {isa = PBXFileReference; fileEncoding = 4; lastKnownFileType = sourcecode.c.h; path = CRSquareFigureView.h; sourceTree = "<group>"; };
		1DC113061978444C002F8148 /* CRSquareFigureView.m */ = {isa = PBXFileReference; fileEncoding = 4; lastKnownFileType = sourcecode.c.objc; path = CRSquareFigureView.m; sourceTree = "<group>"; };
		1DC11309197860F3002F8148 /* CRColoursView.h */ = {isa = PBXFileReference; fileEncoding = 4; lastKnownFileType = sourcecode.c.h; path = CRColoursView.h; sourceTree = "<group>"; };
		1DC1130A197860F3002F8148 /* CRColoursView.m */ = {isa = PBXFileReference; fileEncoding = 4; lastKnownFileType = sourcecode.c.objc; path = CRColoursView.m; sourceTree = "<group>"; };
		1DC1130D197869F2002F8148 /* paleta.png */ = {isa = PBXFileReference; lastKnownFileType = image.png; path = paleta.png; sourceTree = "<group>"; };
		1DC1130F1978818D002F8148 /* UIFont+Common.h */ = {isa = PBXFileReference; fileEncoding = 4; lastKnownFileType = sourcecode.c.h; path = "UIFont+Common.h"; sourceTree = "<group>"; };
		1DC113101978818D002F8148 /* UIFont+Common.m */ = {isa = PBXFileReference; fileEncoding = 4; lastKnownFileType = sourcecode.c.objc; path = "UIFont+Common.m"; sourceTree = "<group>"; };
		1DC1131419788212002F8148 /* Amatic-Bold.ttf */ = {isa = PBXFileReference; lastKnownFileType = file; path = "Amatic-Bold.ttf"; sourceTree = "<group>"; };
		1DC1131519788212002F8148 /* AmaticSC-Regular.ttf */ = {isa = PBXFileReference; lastKnownFileType = file; path = "AmaticSC-Regular.ttf"; sourceTree = "<group>"; };
		1DC1131619788486002F8148 /* background.png */ = {isa = PBXFileReference; lastKnownFileType = image.png; path = background.png; sourceTree = "<group>"; };
		1DC1131819792C69002F8148 /* Node.h */ = {isa = PBXFileReference; fileEncoding = 4; lastKnownFileType = sourcecode.c.h; path = Node.h; sourceTree = "<group>"; };
		1DC1131919792C69002F8148 /* Node.m */ = {isa = PBXFileReference; fileEncoding = 4; lastKnownFileType = sourcecode.c.objc; path = Node.m; sourceTree = "<group>"; };
		64C3103266D240ECA62CEA71 /* Pods-DiagramFinalProjectTests.xcconfig */ = {isa = PBXFileReference; includeInIndex = 1; lastKnownFileType = text.xcconfig; name = "Pods-DiagramFinalProjectTests.xcconfig"; path = "Pods/Pods-DiagramFinalProjectTests.xcconfig"; sourceTree = "<group>"; };
		805FFD02800E48C4BE5CFD72 /* libPods-DiagramFinalProject.a */ = {isa = PBXFileReference; explicitFileType = archive.ar; includeInIndex = 0; path = "libPods-DiagramFinalProject.a"; sourceTree = BUILT_PRODUCTS_DIR; };
		C17D554B018F4A15BBE93B0F /* libPods-DiagramFinalProjectTests.a */ = {isa = PBXFileReference; explicitFileType = archive.ar; includeInIndex = 0; path = "libPods-DiagramFinalProjectTests.a"; sourceTree = BUILT_PRODUCTS_DIR; };
		C5FEA23DF9C940BBAAC2A673 /* Pods-DiagramFinalProject.xcconfig */ = {isa = PBXFileReference; includeInIndex = 1; lastKnownFileType = text.xcconfig; name = "Pods-DiagramFinalProject.xcconfig"; path = "Pods/Pods-DiagramFinalProject.xcconfig"; sourceTree = "<group>"; };
/* End PBXFileReference section */

/* Begin PBXFrameworksBuildPhase section */
		1D890A371973DB320038D983 /* Frameworks */ = {
			isa = PBXFrameworksBuildPhase;
			buildActionMask = 2147483647;
			files = (
				1D890A401973DB320038D983 /* CoreGraphics.framework in Frameworks */,
				1D890A421973DB320038D983 /* UIKit.framework in Frameworks */,
				1D890A3E1973DB320038D983 /* Foundation.framework in Frameworks */,
				0E0051317D4A48C9858C0EE8 /* libPods-DiagramFinalProject.a in Frameworks */,
			);
			runOnlyForDeploymentPostprocessing = 0;
		};
		1D890A581973DB330038D983 /* Frameworks */ = {
			isa = PBXFrameworksBuildPhase;
			buildActionMask = 2147483647;
			files = (
				1D890A5D1973DB330038D983 /* XCTest.framework in Frameworks */,
				1D890A5F1973DB330038D983 /* UIKit.framework in Frameworks */,
				1D890A5E1973DB330038D983 /* Foundation.framework in Frameworks */,
				D6F117AE57B7483BA7067F00 /* libPods-DiagramFinalProjectTests.a in Frameworks */,
			);
			runOnlyForDeploymentPostprocessing = 0;
		};
/* End PBXFrameworksBuildPhase section */

/* Begin PBXGroup section */
		1D353720197C17EC0005747F /* MapDrawer */ = {
			isa = PBXGroup;
			children = (
				1D353721197C182B0005747F /* CRMapDrawerViewController.h */,
				1D353722197C182B0005747F /* CRMapDrawerViewController.m */,
			);
			name = MapDrawer;
			sourceTree = "<group>";
		};
		1D353724197C18590005747F /* MapList */ = {
			isa = PBXGroup;
			children = (
				1D353735197C1C090005747F /* FlowLayout */,
				1D35372F197C199D0005747F /* CRMapListViewController.h */,
				1D353730197C199D0005747F /* CRMapListViewController.m */,
			);
			name = MapList;
			sourceTree = "<group>";
		};
		1D353728197C18B90005747F /* BaseController */ = {
			isa = PBXGroup;
			children = (
				1D353729197C18D90005747F /* CRBaseViewController.h */,
				1D35372A197C18D90005747F /* CRBaseViewController.m */,
			);
			name = BaseController;
			sourceTree = "<group>";
		};
		1D353735197C1C090005747F /* FlowLayout */ = {
			isa = PBXGroup;
			children = (
				1D35373D197C1F980005747F /* CRMapCollectionFlowLayout.h */,
				1D35373E197C1F980005747F /* CRMapCollectionFlowLayout.m */,
			);
			name = FlowLayout;
			sourceTree = "<group>";
		};
		1D353736197C1C160005747F /* MapCell */ = {
			isa = PBXGroup;
			children = (
				1D353737197C1C6E0005747F /* CRMapCollectionViewCell.h */,
				1D353738197C1C6E0005747F /* CRMapCollectionViewCell.m */,
			);
			name = MapCell;
			sourceTree = "<group>";
		};
		1D353745197C43110005747F /* DocumentName */ = {
			isa = PBXGroup;
			children = (
				1D353742197C43080005747F /* CRDocumentNameView.h */,
				1D353743197C43080005747F /* CRDocumentNameView.m */,
			);
			name = DocumentName;
			sourceTree = "<group>";
		};
		1D890A311973DB320038D983 = {
			isa = PBXGroup;
			children = (
				1D890A431973DB320038D983 /* DiagramFinalProject */,
				1D890A621973DB330038D983 /* DiagramFinalProjectTests */,
				1D890A3C1973DB320038D983 /* Frameworks */,
				1D890A3B1973DB320038D983 /* Products */,
				C5FEA23DF9C940BBAAC2A673 /* Pods-DiagramFinalProject.xcconfig */,
				64C3103266D240ECA62CEA71 /* Pods-DiagramFinalProjectTests.xcconfig */,
			);
			sourceTree = "<group>";
		};
		1D890A3B1973DB320038D983 /* Products */ = {
			isa = PBXGroup;
			children = (
				1D890A3A1973DB320038D983 /* DiagramFinalProject.app */,
				1D890A5B1973DB330038D983 /* DiagramFinalProjectTests.xctest */,
			);
			name = Products;
			sourceTree = "<group>";
		};
		1D890A3C1973DB320038D983 /* Frameworks */ = {
			isa = PBXGroup;
			children = (
				1D890A3D1973DB320038D983 /* Foundation.framework */,
				1D890A3F1973DB320038D983 /* CoreGraphics.framework */,
				1D890A411973DB320038D983 /* UIKit.framework */,
				1D890A5C1973DB330038D983 /* XCTest.framework */,
				805FFD02800E48C4BE5CFD72 /* libPods-DiagramFinalProject.a */,
				C17D554B018F4A15BBE93B0F /* libPods-DiagramFinalProjectTests.a */,
			);
			name = Frameworks;
			sourceTree = "<group>";
		};
		1D890A431973DB320038D983 /* DiagramFinalProject */ = {
			isa = PBXGroup;
			children = (
				1D890A8119740AE70038D983 /* Classes */,
				1D890A7C1973DD860038D983 /* AppDelegate */,
				1D890A7F19740AC20038D983 /* Resources */,
				1D890A441973DB320038D983 /* Supporting Files */,
			);
			path = DiagramFinalProject;
			sourceTree = "<group>";
		};
		1D890A441973DB320038D983 /* Supporting Files */ = {
			isa = PBXGroup;
			children = (
				1D890A451973DB320038D983 /* DiagramFinalProject-Info.plist */,
				1D890A461973DB320038D983 /* InfoPlist.strings */,
				1D890A491973DB320038D983 /* main.m */,
				1D890A4B1973DB320038D983 /* DiagramFinalProject-Prefix.pch */,
			);
			name = "Supporting Files";
			sourceTree = "<group>";
		};
		1D890A621973DB330038D983 /* DiagramFinalProjectTests */ = {
			isa = PBXGroup;
			children = (
				1D8B2CF719753DAB00C67FB1 /* Model */,
				1D890A631973DB330038D983 /* Supporting Files */,
				1D8B2CF819753DB200C67FB1 /* AppDelegate */,
			);
			path = DiagramFinalProjectTests;
			sourceTree = "<group>";
		};
		1D890A631973DB330038D983 /* Supporting Files */ = {
			isa = PBXGroup;
			children = (
				1D890A641973DB330038D983 /* DiagramFinalProjectTests-Info.plist */,
				1D890A651973DB330038D983 /* InfoPlist.strings */,
			);
			name = "Supporting Files";
			sourceTree = "<group>";
		};
		1D890A721973DB3A0038D983 /* Model */ = {
			isa = PBXGroup;
			children = (
				1D8B2D071975D9C900C67FB1 /* CRNodeMap.h */,
				1D8B2D081975D9C900C67FB1 /* CRNodeMap.m */,
				1DC1131819792C69002F8148 /* Node.h */,
				1DC1131919792C69002F8148 /* Node.m */,
				1D890A731973DB510038D983 /* DiagramModel.xcdatamodeld */,
				1D890A8219740BB00038D983 /* Node+Model.h */,
				1D890A8319740BB00038D983 /* Node+Model.m */,
				1D353732197C1A8E0005747F /* CRMapList.h */,
				1D353733197C1A8E0005747F /* CRMapList.m */,
			);
			name = Model;
			sourceTree = "<group>";
		};
		1D890A7C1973DD860038D983 /* AppDelegate */ = {
			isa = PBXGroup;
			children = (
				1D890A4C1973DB320038D983 /* CRAppDelegate.h */,
				1D890A4D1973DB320038D983 /* CRAppDelegate.m */,
			);
			name = AppDelegate;
			sourceTree = "<group>";
		};
		1D890A7D1973DE310038D983 /* Controller */ = {
			isa = PBXGroup;
			children = (
				1D353728197C18B90005747F /* BaseController */,
				1D353724197C18590005747F /* MapList */,
				1D353720197C17EC0005747F /* MapDrawer */,
				1D890A8B19741DC60038D983 /* NodeList */,
				1D890A8C19741DD20038D983 /* EditNode */,
			);
			name = Controller;
			sourceTree = "<group>";
		};
		1D890A7E1973E5010038D983 /* View */ = {
			isa = PBXGroup;
			children = (
				1D353736197C1C160005747F /* MapCell */,
				1DC11308197860D3002F8148 /* Colors */,
				1DC1130419784422002F8148 /* Figures */,
				1D890A8E19741DE50038D983 /* StoryBoard */,
				1D890A8D19741DDD0038D983 /* NodeCell */,
				1D353745197C43110005747F /* DocumentName */,
			);
			name = View;
			sourceTree = "<group>";
		};
		1D890A7F19740AC20038D983 /* Resources */ = {
			isa = PBXGroup;
			children = (
				1DC1130C197869D2002F8148 /* Assets */,
				1D890A551973DB320038D983 /* Images.xcassets */,
				1D353740197C3B7E0005747F /* maps.plist */,
			);
			name = Resources;
			sourceTree = "<group>";
		};
		1D890A8119740AE70038D983 /* Classes */ = {
			isa = PBXGroup;
			children = (
				1DC1130019783F20002F8148 /* Util */,
				1D890A721973DB3A0038D983 /* Model */,
				1D890A7E1973E5010038D983 /* View */,
				1D890A7D1973DE310038D983 /* Controller */,
			);
			name = Classes;
			sourceTree = "<group>";
		};
		1D890A8B19741DC60038D983 /* NodeList */ = {
			isa = PBXGroup;
			children = (
				1D890A521973DB320038D983 /* CRNodeListViewController.h */,
				1D890A531973DB320038D983 /* CRNodeListViewController.m */,
			);
			name = NodeList;
			sourceTree = "<group>";
		};
		1D890A8C19741DD20038D983 /* EditNode */ = {
			isa = PBXGroup;
			children = (
				1D890A8819741DAB0038D983 /* CREditNodeViewController.h */,
				1D890A8919741DAB0038D983 /* CREditNodeViewController.m */,
			);
			name = EditNode;
			sourceTree = "<group>";
		};
		1D890A8D19741DDD0038D983 /* NodeCell */ = {
			isa = PBXGroup;
			children = (
				1D890A851974143C0038D983 /* CRNodeTableViewCell.h */,
				1D890A861974143C0038D983 /* CRNodeTableViewCell.m */,
			);
			name = NodeCell;
			sourceTree = "<group>";
		};
		1D890A8E19741DE50038D983 /* StoryBoard */ = {
			isa = PBXGroup;
			children = (
				1D890A4F1973DB320038D983 /* Main.storyboard */,
			);
			name = StoryBoard;
			sourceTree = "<group>";
		};
		1D8B2CF719753DAB00C67FB1 /* Model */ = {
			isa = PBXGroup;
			children = (
				1D8B2CF919753EDB00C67FB1 /* NodeTests.m */,
				1D103BC31976F4400050F092 /* NodeMapTests.m */,
			);
			name = Model;
			sourceTree = "<group>";
		};
		1D8B2CF819753DB200C67FB1 /* AppDelegate */ = {
			isa = PBXGroup;
			children = (
				1D5EA81019753267006C9650 /* CRAppDelegateTests.m */,
			);
			name = AppDelegate;
			sourceTree = "<group>";
		};
		1DC1130019783F20002F8148 /* Util */ = {
			isa = PBXGroup;
			children = (
				1DC1130F1978818D002F8148 /* UIFont+Common.h */,
				1DC113101978818D002F8148 /* UIFont+Common.m */,
			);
			name = Util;
			sourceTree = "<group>";
		};
		1DC1130419784422002F8148 /* Figures */ = {
			isa = PBXGroup;
			children = (
				1DC113051978444C002F8148 /* CRSquareFigureView.h */,
				1DC113061978444C002F8148 /* CRSquareFigureView.m */,
			);
			name = Figures;
			sourceTree = "<group>";
		};
		1DC11308197860D3002F8148 /* Colors */ = {
			isa = PBXGroup;
			children = (
				1DC11309197860F3002F8148 /* CRColoursView.h */,
				1DC1130A197860F3002F8148 /* CRColoursView.m */,
			);
			name = Colors;
			sourceTree = "<group>";
		};
		1DC1130C197869D2002F8148 /* Assets */ = {
			isa = PBXGroup;
			children = (
				1DC11313197881F2002F8148 /* Images */,
				1DC11312197881E8002F8148 /* Fonts */,
			);
			name = Assets;
			sourceTree = "<group>";
		};
		1DC11312197881E8002F8148 /* Fonts */ = {
			isa = PBXGroup;
			children = (
				1DC1131419788212002F8148 /* Amatic-Bold.ttf */,
				1DC1131519788212002F8148 /* AmaticSC-Regular.ttf */,
			);
			name = Fonts;
			sourceTree = "<group>";
		};
		1DC11313197881F2002F8148 /* Images */ = {
			isa = PBXGroup;
			children = (
				1DC1131619788486002F8148 /* background.png */,
				1DC1130D197869F2002F8148 /* paleta.png */,
			);
			name = Images;
			sourceTree = "<group>";
		};
/* End PBXGroup section */

/* Begin PBXNativeTarget section */
		1D890A391973DB320038D983 /* DiagramFinalProject */ = {
			isa = PBXNativeTarget;
			buildConfigurationList = 1D890A6C1973DB330038D983 /* Build configuration list for PBXNativeTarget "DiagramFinalProject" */;
			buildPhases = (
				B34935BE9E714988BE6FB8DF /* Check Pods Manifest.lock */,
				1D890A361973DB320038D983 /* Sources */,
				1D890A371973DB320038D983 /* Frameworks */,
				1D890A381973DB320038D983 /* Resources */,
				4BA279DCABD0483B9F3F53A0 /* Copy Pods Resources */,
			);
			buildRules = (
			);
			dependencies = (
			);
			name = DiagramFinalProject;
			productName = DiagramFinalProject;
			productReference = 1D890A3A1973DB320038D983 /* DiagramFinalProject.app */;
			productType = "com.apple.product-type.application";
		};
		1D890A5A1973DB330038D983 /* DiagramFinalProjectTests */ = {
			isa = PBXNativeTarget;
			buildConfigurationList = 1D890A6F1973DB330038D983 /* Build configuration list for PBXNativeTarget "DiagramFinalProjectTests" */;
			buildPhases = (
				1266E68CA99A4332A1DD876B /* Check Pods Manifest.lock */,
				1D890A571973DB330038D983 /* Sources */,
				1D890A581973DB330038D983 /* Frameworks */,
				1D890A591973DB330038D983 /* Resources */,
				BA5EE97B21E846C1AE84E207 /* Copy Pods Resources */,
			);
			buildRules = (
			);
			dependencies = (
				1D890A611973DB330038D983 /* PBXTargetDependency */,
			);
			name = DiagramFinalProjectTests;
			productName = DiagramFinalProjectTests;
			productReference = 1D890A5B1973DB330038D983 /* DiagramFinalProjectTests.xctest */;
			productType = "com.apple.product-type.bundle.unit-test";
		};
/* End PBXNativeTarget section */

/* Begin PBXProject section */
		1D890A321973DB320038D983 /* Project object */ = {
			isa = PBXProject;
			attributes = {
				CLASSPREFIX = CR;
				LastUpgradeCheck = 0510;
				ORGANIZATIONNAME = CRoigSalvador;
				TargetAttributes = {
					1D890A5A1973DB330038D983 = {
						TestTargetID = 1D890A391973DB320038D983;
					};
				};
			};
			buildConfigurationList = 1D890A351973DB320038D983 /* Build configuration list for PBXProject "DiagramFinalProject" */;
			compatibilityVersion = "Xcode 3.2";
			developmentRegion = English;
			hasScannedForEncodings = 0;
			knownRegions = (
				en,
				Base,
			);
			mainGroup = 1D890A311973DB320038D983;
			productRefGroup = 1D890A3B1973DB320038D983 /* Products */;
			projectDirPath = "";
			projectRoot = "";
			targets = (
				1D890A391973DB320038D983 /* DiagramFinalProject */,
				1D890A5A1973DB330038D983 /* DiagramFinalProjectTests */,
			);
		};
/* End PBXProject section */

/* Begin PBXResourcesBuildPhase section */
		1D890A381973DB320038D983 /* Resources */ = {
			isa = PBXResourcesBuildPhase;
			buildActionMask = 2147483647;
			files = (
				1DC1130E197869F2002F8148 /* paleta.png in Resources */,
				1D353741197C3B7E0005747F /* maps.plist in Resources */,
				1DC1131719788486002F8148 /* background.png in Resources */,
				1D890A561973DB320038D983 /* Images.xcassets in Resources */,
				1D890A481973DB320038D983 /* InfoPlist.strings in Resources */,
				1D890A511973DB320038D983 /* Main.storyboard in Resources */,
			);
			runOnlyForDeploymentPostprocessing = 0;
		};
		1D890A591973DB330038D983 /* Resources */ = {
			isa = PBXResourcesBuildPhase;
			buildActionMask = 2147483647;
			files = (
				1D890A671973DB330038D983 /* InfoPlist.strings in Resources */,
			);
			runOnlyForDeploymentPostprocessing = 0;
		};
/* End PBXResourcesBuildPhase section */

/* Begin PBXShellScriptBuildPhase section */
		1266E68CA99A4332A1DD876B /* Check Pods Manifest.lock */ = {
			isa = PBXShellScriptBuildPhase;
			buildActionMask = 2147483647;
			files = (
			);
			inputPaths = (
			);
			name = "Check Pods Manifest.lock";
			outputPaths = (
			);
			runOnlyForDeploymentPostprocessing = 0;
			shellPath = /bin/sh;
			shellScript = "diff \"${PODS_ROOT}/../Podfile.lock\" \"${PODS_ROOT}/Manifest.lock\" > /dev/null\nif [[ $? != 0 ]] ; then\n    cat << EOM\nerror: The sandbox is not in sync with the Podfile.lock. Run 'pod install' or update your CocoaPods installation.\nEOM\n    exit 1\nfi\n";
			showEnvVarsInLog = 0;
		};
		4BA279DCABD0483B9F3F53A0 /* Copy Pods Resources */ = {
			isa = PBXShellScriptBuildPhase;
			buildActionMask = 2147483647;
			files = (
			);
			inputPaths = (
			);
			name = "Copy Pods Resources";
			outputPaths = (
			);
			runOnlyForDeploymentPostprocessing = 0;
			shellPath = /bin/sh;
			shellScript = "\"${SRCROOT}/Pods/Pods-DiagramFinalProject-resources.sh\"\n";
			showEnvVarsInLog = 0;
		};
		B34935BE9E714988BE6FB8DF /* Check Pods Manifest.lock */ = {
			isa = PBXShellScriptBuildPhase;
			buildActionMask = 2147483647;
			files = (
			);
			inputPaths = (
			);
			name = "Check Pods Manifest.lock";
			outputPaths = (
			);
			runOnlyForDeploymentPostprocessing = 0;
			shellPath = /bin/sh;
			shellScript = "diff \"${PODS_ROOT}/../Podfile.lock\" \"${PODS_ROOT}/Manifest.lock\" > /dev/null\nif [[ $? != 0 ]] ; then\n    cat << EOM\nerror: The sandbox is not in sync with the Podfile.lock. Run 'pod install' or update your CocoaPods installation.\nEOM\n    exit 1\nfi\n";
			showEnvVarsInLog = 0;
		};
		BA5EE97B21E846C1AE84E207 /* Copy Pods Resources */ = {
			isa = PBXShellScriptBuildPhase;
			buildActionMask = 2147483647;
			files = (
			);
			inputPaths = (
			);
			name = "Copy Pods Resources";
			outputPaths = (
			);
			runOnlyForDeploymentPostprocessing = 0;
			shellPath = /bin/sh;
			shellScript = "\"${SRCROOT}/Pods/Pods-DiagramFinalProjectTests-resources.sh\"\n";
			showEnvVarsInLog = 0;
		};
/* End PBXShellScriptBuildPhase section */

/* Begin PBXSourcesBuildPhase section */
		1D890A361973DB320038D983 /* Sources */ = {
			isa = PBXSourcesBuildPhase;
			buildActionMask = 2147483647;
			files = (
				1D890A4A1973DB320038D983 /* main.m in Sources */,
				1D353723197C182B0005747F /* CRMapDrawerViewController.m in Sources */,
				1D890A4E1973DB320038D983 /* CRAppDelegate.m in Sources */,
				1D353731197C199D0005747F /* CRMapListViewController.m in Sources */,
				1D890A541973DB320038D983 /* CRNodeListViewController.m in Sources */,
				1D353734197C1A8E0005747F /* CRMapList.m in Sources */,
				1D353739197C1C6E0005747F /* CRMapCollectionViewCell.m in Sources */,
				1DC113111978818D002F8148 /* UIFont+Common.m in Sources */,
				1D890A871974143C0038D983 /* CRNodeTableViewCell.m in Sources */,
				1D8B2D091975D9C900C67FB1 /* CRNodeMap.m in Sources */,
				1DC1130B197860F3002F8148 /* CRColoursView.m in Sources */,
				1D890A8A19741DAB0038D983 /* CREditNodeViewController.m in Sources */,
				1D353744197C43080005747F /* CRDocumentNameView.m in Sources */,
				1D890A751973DB510038D983 /* DiagramModel.xcdatamodeld in Sources */,
				1DC113071978444C002F8148 /* CRSquareFigureView.m in Sources */,
				1D890A8419740BB00038D983 /* Node+Model.m in Sources */,
				1DC1131A19792C69002F8148 /* Node.m in Sources */,
				1D35372B197C18D90005747F /* CRBaseViewController.m in Sources */,
				1D35373F197C1F980005747F /* CRMapCollectionFlowLayout.m in Sources */,
			);
			runOnlyForDeploymentPostprocessing = 0;
		};
		1D890A571973DB330038D983 /* Sources */ = {
			isa = PBXSourcesBuildPhase;
			buildActionMask = 2147483647;
			files = (
				1D103BC41976F4400050F092 /* NodeMapTests.m in Sources */,
				1D5EA81119753267006C9650 /* CRAppDelegateTests.m in Sources */,
				1D8B2CFA19753EDB00C67FB1 /* NodeTests.m in Sources */,
				1D8B2CFB197540DD00C67FB1 /* DiagramModel.xcdatamodeld in Sources */,
			);
			runOnlyForDeploymentPostprocessing = 0;
		};
/* End PBXSourcesBuildPhase section */

/* Begin PBXTargetDependency section */
		1D890A611973DB330038D983 /* PBXTargetDependency */ = {
			isa = PBXTargetDependency;
			target = 1D890A391973DB320038D983 /* DiagramFinalProject */;
			targetProxy = 1D890A601973DB330038D983 /* PBXContainerItemProxy */;
		};
/* End PBXTargetDependency section */

/* Begin PBXVariantGroup section */
		1D890A461973DB320038D983 /* InfoPlist.strings */ = {
			isa = PBXVariantGroup;
			children = (
				1D890A471973DB320038D983 /* en */,
			);
			name = InfoPlist.strings;
			sourceTree = "<group>";
		};
		1D890A4F1973DB320038D983 /* Main.storyboard */ = {
			isa = PBXVariantGroup;
			children = (
				1D890A501973DB320038D983 /* Base */,
			);
			name = Main.storyboard;
			sourceTree = "<group>";
		};
		1D890A651973DB330038D983 /* InfoPlist.strings */ = {
			isa = PBXVariantGroup;
			children = (
				1D890A661973DB330038D983 /* en */,
			);
			name = InfoPlist.strings;
			sourceTree = "<group>";
		};
/* End PBXVariantGroup section */

/* Begin XCBuildConfiguration section */
		1D890A6A1973DB330038D983 /* Debug */ = {
			isa = XCBuildConfiguration;
			buildSettings = {
				ALWAYS_SEARCH_USER_PATHS = NO;
				CLANG_CXX_LANGUAGE_STANDARD = "gnu++0x";
				CLANG_CXX_LIBRARY = "libc++";
				CLANG_ENABLE_MODULES = YES;
				CLANG_ENABLE_OBJC_ARC = YES;
				CLANG_WARN_BOOL_CONVERSION = YES;
				CLANG_WARN_CONSTANT_CONVERSION = YES;
				CLANG_WARN_DIRECT_OBJC_ISA_USAGE = YES_ERROR;
				CLANG_WARN_EMPTY_BODY = YES;
				CLANG_WARN_ENUM_CONVERSION = YES;
				CLANG_WARN_INT_CONVERSION = YES;
				CLANG_WARN_OBJC_ROOT_CLASS = YES_ERROR;
				CLANG_WARN__DUPLICATE_METHOD_MATCH = YES;
				"CODE_SIGN_IDENTITY[sdk=iphoneos*]" = "iPhone Developer";
				COPY_PHASE_STRIP = NO;
				GCC_C_LANGUAGE_STANDARD = gnu99;
				GCC_DYNAMIC_NO_PIC = NO;
				GCC_OPTIMIZATION_LEVEL = 0;
				GCC_PREPROCESSOR_DEFINITIONS = (
					"DEBUG=1",
					"$(inherited)",
				);
				GCC_SYMBOLS_PRIVATE_EXTERN = NO;
				GCC_WARN_64_TO_32_BIT_CONVERSION = YES;
				GCC_WARN_ABOUT_RETURN_TYPE = YES_ERROR;
				GCC_WARN_UNDECLARED_SELECTOR = YES;
				GCC_WARN_UNINITIALIZED_AUTOS = YES_AGGRESSIVE;
				GCC_WARN_UNUSED_FUNCTION = YES;
				GCC_WARN_UNUSED_VARIABLE = YES;
				IPHONEOS_DEPLOYMENT_TARGET = 7.1;
				ONLY_ACTIVE_ARCH = YES;
				SDKROOT = iphoneos;
				TARGETED_DEVICE_FAMILY = 2;
			};
			name = Debug;
		};
		1D890A6B1973DB330038D983 /* Release */ = {
			isa = XCBuildConfiguration;
			buildSettings = {
				ALWAYS_SEARCH_USER_PATHS = NO;
				CLANG_CXX_LANGUAGE_STANDARD = "gnu++0x";
				CLANG_CXX_LIBRARY = "libc++";
				CLANG_ENABLE_MODULES = YES;
				CLANG_ENABLE_OBJC_ARC = YES;
				CLANG_WARN_BOOL_CONVERSION = YES;
				CLANG_WARN_CONSTANT_CONVERSION = YES;
				CLANG_WARN_DIRECT_OBJC_ISA_USAGE = YES_ERROR;
				CLANG_WARN_EMPTY_BODY = YES;
				CLANG_WARN_ENUM_CONVERSION = YES;
				CLANG_WARN_INT_CONVERSION = YES;
				CLANG_WARN_OBJC_ROOT_CLASS = YES_ERROR;
				CLANG_WARN__DUPLICATE_METHOD_MATCH = YES;
				"CODE_SIGN_IDENTITY[sdk=iphoneos*]" = "iPhone Developer";
				COPY_PHASE_STRIP = YES;
				ENABLE_NS_ASSERTIONS = NO;
				GCC_C_LANGUAGE_STANDARD = gnu99;
				GCC_WARN_64_TO_32_BIT_CONVERSION = YES;
				GCC_WARN_ABOUT_RETURN_TYPE = YES_ERROR;
				GCC_WARN_UNDECLARED_SELECTOR = YES;
				GCC_WARN_UNINITIALIZED_AUTOS = YES_AGGRESSIVE;
				GCC_WARN_UNUSED_FUNCTION = YES;
				GCC_WARN_UNUSED_VARIABLE = YES;
				IPHONEOS_DEPLOYMENT_TARGET = 7.1;
				SDKROOT = iphoneos;
				TARGETED_DEVICE_FAMILY = 2;
				VALIDATE_PRODUCT = YES;
			};
			name = Release;
		};
		1D890A6D1973DB330038D983 /* Debug */ = {
			isa = XCBuildConfiguration;
			baseConfigurationReference = C5FEA23DF9C940BBAAC2A673 /* Pods-DiagramFinalProject.xcconfig */;
			buildSettings = {
				ASSETCATALOG_COMPILER_APPICON_NAME = AppIcon;
				ASSETCATALOG_COMPILER_LAUNCHIMAGE_NAME = LaunchImage;
				GCC_PRECOMPILE_PREFIX_HEADER = YES;
				GCC_PREFIX_HEADER = "DiagramFinalProject/DiagramFinalProject-Prefix.pch";
				INFOPLIST_FILE = "DiagramFinalProject/DiagramFinalProject-Info.plist";
				PRODUCT_NAME = "$(TARGET_NAME)";
				WRAPPER_EXTENSION = app;
			};
			name = Debug;
		};
		1D890A6E1973DB330038D983 /* Release */ = {
			isa = XCBuildConfiguration;
			baseConfigurationReference = C5FEA23DF9C940BBAAC2A673 /* Pods-DiagramFinalProject.xcconfig */;
			buildSettings = {
				ASSETCATALOG_COMPILER_APPICON_NAME = AppIcon;
				ASSETCATALOG_COMPILER_LAUNCHIMAGE_NAME = LaunchImage;
				GCC_PRECOMPILE_PREFIX_HEADER = YES;
				GCC_PREFIX_HEADER = "DiagramFinalProject/DiagramFinalProject-Prefix.pch";
				INFOPLIST_FILE = "DiagramFinalProject/DiagramFinalProject-Info.plist";
				PRODUCT_NAME = "$(TARGET_NAME)";
				WRAPPER_EXTENSION = app;
			};
			name = Release;
		};
		1D890A701973DB330038D983 /* Debug */ = {
			isa = XCBuildConfiguration;
			baseConfigurationReference = 64C3103266D240ECA62CEA71 /* Pods-DiagramFinalProjectTests.xcconfig */;
			buildSettings = {
				BUNDLE_LOADER = "$(BUILT_PRODUCTS_DIR)/DiagramFinalProject.app/DiagramFinalProject";
				FRAMEWORK_SEARCH_PATHS = (
					"$(SDKROOT)/Developer/Library/Frameworks",
					"$(inherited)",
					"$(DEVELOPER_FRAMEWORKS_DIR)",
				);
				GCC_PRECOMPILE_PREFIX_HEADER = YES;
				GCC_PREFIX_HEADER = "DiagramFinalProject/DiagramFinalProject-Prefix.pch";
				GCC_PREPROCESSOR_DEFINITIONS = (
					"DEBUG=1",
					"$(inherited)",
				);
				INFOPLIST_FILE = "DiagramFinalProjectTests/DiagramFinalProjectTests-Info.plist";
				PRODUCT_NAME = "$(TARGET_NAME)";
				TEST_HOST = "$(BUNDLE_LOADER)";
				WRAPPER_EXTENSION = xctest;
			};
			name = Debug;
		};
		1D890A711973DB330038D983 /* Release */ = {
			isa = XCBuildConfiguration;
			baseConfigurationReference = 64C3103266D240ECA62CEA71 /* Pods-DiagramFinalProjectTests.xcconfig */;
			buildSettings = {
				BUNDLE_LOADER = "$(BUILT_PRODUCTS_DIR)/DiagramFinalProject.app/DiagramFinalProject";
				FRAMEWORK_SEARCH_PATHS = (
					"$(SDKROOT)/Developer/Library/Frameworks",
					"$(inherited)",
					"$(DEVELOPER_FRAMEWORKS_DIR)",
				);
				GCC_PRECOMPILE_PREFIX_HEADER = YES;
				GCC_PREFIX_HEADER = "DiagramFinalProject/DiagramFinalProject-Prefix.pch";
				INFOPLIST_FILE = "DiagramFinalProjectTests/DiagramFinalProjectTests-Info.plist";
				PRODUCT_NAME = "$(TARGET_NAME)";
				TEST_HOST = "$(BUNDLE_LOADER)";
				WRAPPER_EXTENSION = xctest;
			};
			name = Release;
		};
/* End XCBuildConfiguration section */

/* Begin XCConfigurationList section */
		1D890A351973DB320038D983 /* Build configuration list for PBXProject "DiagramFinalProject" */ = {
			isa = XCConfigurationList;
			buildConfigurations = (
				1D890A6A1973DB330038D983 /* Debug */,
				1D890A6B1973DB330038D983 /* Release */,
			);
			defaultConfigurationIsVisible = 0;
			defaultConfigurationName = Release;
		};
		1D890A6C1973DB330038D983 /* Build configuration list for PBXNativeTarget "DiagramFinalProject" */ = {
			isa = XCConfigurationList;
			buildConfigurations = (
				1D890A6D1973DB330038D983 /* Debug */,
				1D890A6E1973DB330038D983 /* Release */,
			);
			defaultConfigurationIsVisible = 0;
			defaultConfigurationName = Release;
		};
		1D890A6F1973DB330038D983 /* Build configuration list for PBXNativeTarget "DiagramFinalProjectTests" */ = {
			isa = XCConfigurationList;
			buildConfigurations = (
				1D890A701973DB330038D983 /* Debug */,
				1D890A711973DB330038D983 /* Release */,
			);
			defaultConfigurationIsVisible = 0;
			defaultConfigurationName = Release;
		};
/* End XCConfigurationList section */

/* Begin XCVersionGroup section */
		1D890A731973DB510038D983 /* DiagramModel.xcdatamodeld */ = {
			isa = XCVersionGroup;
			children = (
				1D890A741973DB510038D983 /* DiagramModel.xcdatamodel */,
			);
			currentVersion = 1D890A741973DB510038D983 /* DiagramModel.xcdatamodel */;
			path = DiagramModel.xcdatamodeld;
			sourceTree = "<group>";
			versionGroupType = wrapper.xcdatamodel;
		};
/* End XCVersionGroup section */
	};
	rootObject = 1D890A321973DB320038D983 /* Project object */;
}
