// !$*UTF8*$!
{
	archiveVersion = 1;
	classes = {
	};
	objectVersion = 46;
	objects = {

/* Begin PBXBuildFile section */
		1D890A3E1973DB320038D983 /* Foundation.framework in Frameworks */ = {isa = PBXBuildFile; fileRef = 1D890A3D1973DB320038D983 /* Foundation.framework */; };
		1D890A401973DB320038D983 /* CoreGraphics.framework in Frameworks */ = {isa = PBXBuildFile; fileRef = 1D890A3F1973DB320038D983 /* CoreGraphics.framework */; };
		1D890A421973DB320038D983 /* UIKit.framework in Frameworks */ = {isa = PBXBuildFile; fileRef = 1D890A411973DB320038D983 /* UIKit.framework */; };
		1D890A481973DB320038D983 /* InfoPlist.strings in Resources */ = {isa = PBXBuildFile; fileRef = 1D890A461973DB320038D983 /* InfoPlist.strings */; };
		1D890A4A1973DB320038D983 /* main.m in Sources */ = {isa = PBXBuildFile; fileRef = 1D890A491973DB320038D983 /* main.m */; };
		1D890A4E1973DB320038D983 /* CRAppDelegate.m in Sources */ = {isa = PBXBuildFile; fileRef = 1D890A4D1973DB320038D983 /* CRAppDelegate.m */; };
		1D890A511973DB320038D983 /* Main.storyboard in Resources */ = {isa = PBXBuildFile; fileRef = 1D890A4F1973DB320038D983 /* Main.storyboard */; };
		1D890A541973DB320038D983 /* CRViewController.m in Sources */ = {isa = PBXBuildFile; fileRef = 1D890A531973DB320038D983 /* CRViewController.m */; };
		1D890A561973DB320038D983 /* Images.xcassets in Resources */ = {isa = PBXBuildFile; fileRef = 1D890A551973DB320038D983 /* Images.xcassets */; };
		1D890A5D1973DB330038D983 /* XCTest.framework in Frameworks */ = {isa = PBXBuildFile; fileRef = 1D890A5C1973DB330038D983 /* XCTest.framework */; };
		1D890A5E1973DB330038D983 /* Foundation.framework in Frameworks */ = {isa = PBXBuildFile; fileRef = 1D890A3D1973DB320038D983 /* Foundation.framework */; };
		1D890A5F1973DB330038D983 /* UIKit.framework in Frameworks */ = {isa = PBXBuildFile; fileRef = 1D890A411973DB320038D983 /* UIKit.framework */; };
		1D890A671973DB330038D983 /* InfoPlist.strings in Resources */ = {isa = PBXBuildFile; fileRef = 1D890A651973DB330038D983 /* InfoPlist.strings */; };
		1D890A691973DB330038D983 /* DiagramFinalProjectTests.m in Sources */ = {isa = PBXBuildFile; fileRef = 1D890A681973DB330038D983 /* DiagramFinalProjectTests.m */; };
		1D890A751973DB510038D983 /* DiagramModel.xcdatamodeld in Sources */ = {isa = PBXBuildFile; fileRef = 1D890A731973DB510038D983 /* DiagramModel.xcdatamodeld */; };
		1D890A7B1973DD6A0038D983 /* Node.m in Sources */ = {isa = PBXBuildFile; fileRef = 1D890A7A1973DD6A0038D983 /* Node.m */; };
/* End PBXBuildFile section */

/* Begin PBXContainerItemProxy section */
		1D890A601973DB330038D983 /* PBXContainerItemProxy */ = {
			isa = PBXContainerItemProxy;
			containerPortal = 1D890A321973DB320038D983 /* Project object */;
			proxyType = 1;
			remoteGlobalIDString = 1D890A391973DB320038D983;
			remoteInfo = DiagramFinalProject;
		};
/* End PBXContainerItemProxy section */

/* Begin PBXFileReference section */
		1D890A3A1973DB320038D983 /* DiagramFinalProject.app */ = {isa = PBXFileReference; explicitFileType = wrapper.application; includeInIndex = 0; path = DiagramFinalProject.app; sourceTree = BUILT_PRODUCTS_DIR; };
		1D890A3D1973DB320038D983 /* Foundation.framework */ = {isa = PBXFileReference; lastKnownFileType = wrapper.framework; name = Foundation.framework; path = System/Library/Frameworks/Foundation.framework; sourceTree = SDKROOT; };
		1D890A3F1973DB320038D983 /* CoreGraphics.framework */ = {isa = PBXFileReference; lastKnownFileType = wrapper.framework; name = CoreGraphics.framework; path = System/Library/Frameworks/CoreGraphics.framework; sourceTree = SDKROOT; };
		1D890A411973DB320038D983 /* UIKit.framework */ = {isa = PBXFileReference; lastKnownFileType = wrapper.framework; name = UIKit.framework; path = System/Library/Frameworks/UIKit.framework; sourceTree = SDKROOT; };
		1D890A451973DB320038D983 /* DiagramFinalProject-Info.plist */ = {isa = PBXFileReference; lastKnownFileType = text.plist.xml; path = "DiagramFinalProject-Info.plist"; sourceTree = "<group>"; };
		1D890A471973DB320038D983 /* en */ = {isa = PBXFileReference; lastKnownFileType = text.plist.strings; name = en; path = en.lproj/InfoPlist.strings; sourceTree = "<group>"; };
		1D890A491973DB320038D983 /* main.m */ = {isa = PBXFileReference; lastKnownFileType = sourcecode.c.objc; path = main.m; sourceTree = "<group>"; };
		1D890A4B1973DB320038D983 /* DiagramFinalProject-Prefix.pch */ = {isa = PBXFileReference; lastKnownFileType = sourcecode.c.h; path = "DiagramFinalProject-Prefix.pch"; sourceTree = "<group>"; };
		1D890A4C1973DB320038D983 /* CRAppDelegate.h */ = {isa = PBXFileReference; lastKnownFileType = sourcecode.c.h; path = CRAppDelegate.h; sourceTree = "<group>"; };
		1D890A4D1973DB320038D983 /* CRAppDelegate.m */ = {isa = PBXFileReference; lastKnownFileType = sourcecode.c.objc; path = CRAppDelegate.m; sourceTree = "<group>"; };
		1D890A501973DB320038D983 /* Base */ = {isa = PBXFileReference; lastKnownFileType = file.storyboard; name = Base; path = Base.lproj/Main.storyboard; sourceTree = "<group>"; };
		1D890A521973DB320038D983 /* CRViewController.h */ = {isa = PBXFileReference; lastKnownFileType = sourcecode.c.h; path = CRViewController.h; sourceTree = "<group>"; };
		1D890A531973DB320038D983 /* CRViewController.m */ = {isa = PBXFileReference; lastKnownFileType = sourcecode.c.objc; path = CRViewController.m; sourceTree = "<group>"; };
		1D890A551973DB320038D983 /* Images.xcassets */ = {isa = PBXFileReference; lastKnownFileType = folder.assetcatalog; path = Images.xcassets; sourceTree = "<group>"; };
		1D890A5B1973DB330038D983 /* DiagramFinalProjectTests.xctest */ = {isa = PBXFileReference; explicitFileType = wrapper.cfbundle; includeInIndex = 0; path = DiagramFinalProjectTests.xctest; sourceTree = BUILT_PRODUCTS_DIR; };
		1D890A5C1973DB330038D983 /* XCTest.framework */ = {isa = PBXFileReference; lastKnownFileType = wrapper.framework; name = XCTest.framework; path = Library/Frameworks/XCTest.framework; sourceTree = DEVELOPER_DIR; };
		1D890A641973DB330038D983 /* DiagramFinalProjectTests-Info.plist */ = {isa = PBXFileReference; lastKnownFileType = text.plist.xml; path = "DiagramFinalProjectTests-Info.plist"; sourceTree = "<group>"; };
		1D890A661973DB330038D983 /* en */ = {isa = PBXFileReference; lastKnownFileType = text.plist.strings; name = en; path = en.lproj/InfoPlist.strings; sourceTree = "<group>"; };
		1D890A681973DB330038D983 /* DiagramFinalProjectTests.m */ = {isa = PBXFileReference; lastKnownFileType = sourcecode.c.objc; path = DiagramFinalProjectTests.m; sourceTree = "<group>"; };
		1D890A741973DB510038D983 /* DiagramModel.xcdatamodel */ = {isa = PBXFileReference; lastKnownFileType = wrapper.xcdatamodel; path = DiagramModel.xcdatamodel; sourceTree = "<group>"; };
		1D890A791973DD6A0038D983 /* Node.h */ = {isa = PBXFileReference; fileEncoding = 4; lastKnownFileType = sourcecode.c.h; path = Node.h; sourceTree = "<group>"; };
		1D890A7A1973DD6A0038D983 /* Node.m */ = {isa = PBXFileReference; fileEncoding = 4; lastKnownFileType = sourcecode.c.objc; path = Node.m; sourceTree = "<group>"; };
/* End PBXFileReference section */

/* Begin PBXFrameworksBuildPhase section */
		1D890A371973DB320038D983 /* Frameworks */ = {
			isa = PBXFrameworksBuildPhase;
			buildActionMask = 2147483647;
			files = (
				1D890A401973DB320038D983 /* CoreGraphics.framework in Frameworks */,
				1D890A421973DB320038D983 /* UIKit.framework in Frameworks */,
				1D890A3E1973DB320038D983 /* Foundation.framework in Frameworks */,
			);
			runOnlyForDeploymentPostprocessing = 0;
		};
		1D890A581973DB330038D983 /* Frameworks */ = {
			isa = PBXFrameworksBuildPhase;
			buildActionMask = 2147483647;
			files = (
				1D890A5D1973DB330038D983 /* XCTest.framework in Frameworks */,
				1D890A5F1973DB330038D983 /* UIKit.framework in Frameworks */,
				1D890A5E1973DB330038D983 /* Foundation.framework in Frameworks */,
			);
			runOnlyForDeploymentPostprocessing = 0;
		};
/* End PBXFrameworksBuildPhase section */

/* Begin PBXGroup section */
		1D890A311973DB320038D983 = {
			isa = PBXGroup;
			children = (
				1D890A431973DB320038D983 /* DiagramFinalProject */,
				1D890A621973DB330038D983 /* DiagramFinalProjectTests */,
				1D890A3C1973DB320038D983 /* Frameworks */,
				1D890A3B1973DB320038D983 /* Products */,
			);
			sourceTree = "<group>";
		};
		1D890A3B1973DB320038D983 /* Products */ = {
			isa = PBXGroup;
			children = (
				1D890A3A1973DB320038D983 /* DiagramFinalProject.app */,
				1D890A5B1973DB330038D983 /* DiagramFinalProjectTests.xctest */,
			);
			name = Products;
			sourceTree = "<group>";
		};
		1D890A3C1973DB320038D983 /* Frameworks */ = {
			isa = PBXGroup;
			children = (
				1D890A3D1973DB320038D983 /* Foundation.framework */,
				1D890A3F1973DB320038D983 /* CoreGraphics.framework */,
				1D890A411973DB320038D983 /* UIKit.framework */,
				1D890A5C1973DB330038D983 /* XCTest.framework */,
			);
			name = Frameworks;
			sourceTree = "<group>";
		};
		1D890A431973DB320038D983 /* DiagramFinalProject */ = {
			isa = PBXGroup;
			children = (
				1D890A721973DB3A0038D983 /* Model */,
				1D890A7C1973DD860038D983 /* AppDelegate */,
				1D890A4F1973DB320038D983 /* Main.storyboard */,
				1D890A521973DB320038D983 /* CRViewController.h */,
				1D890A531973DB320038D983 /* CRViewController.m */,
				1D890A551973DB320038D983 /* Images.xcassets */,
				1D890A441973DB320038D983 /* Supporting Files */,
			);
			path = DiagramFinalProject;
			sourceTree = "<group>";
		};
		1D890A441973DB320038D983 /* Supporting Files */ = {
			isa = PBXGroup;
			children = (
				1D890A451973DB320038D983 /* DiagramFinalProject-Info.plist */,
				1D890A461973DB320038D983 /* InfoPlist.strings */,
				1D890A491973DB320038D983 /* main.m */,
				1D890A4B1973DB320038D983 /* DiagramFinalProject-Prefix.pch */,
			);
			name = "Supporting Files";
			sourceTree = "<group>";
		};
		1D890A621973DB330038D983 /* DiagramFinalProjectTests */ = {
			isa = PBXGroup;
			children = (
				1D890A681973DB330038D983 /* DiagramFinalProjectTests.m */,
				1D890A631973DB330038D983 /* Supporting Files */,
			);
			path = DiagramFinalProjectTests;
			sourceTree = "<group>";
		};
		1D890A631973DB330038D983 /* Supporting Files */ = {
			isa = PBXGroup;
			children = (
				1D890A641973DB330038D983 /* DiagramFinalProjectTests-Info.plist */,
				1D890A651973DB330038D983 /* InfoPlist.strings */,
			);
			name = "Supporting Files";
			sourceTree = "<group>";
		};
		1D890A721973DB3A0038D983 /* Model */ = {
			isa = PBXGroup;
			children = (
				1D890A791973DD6A0038D983 /* Node.h */,
				1D890A7A1973DD6A0038D983 /* Node.m */,
				1D890A731973DB510038D983 /* DiagramModel.xcdatamodeld */,
			);
			name = Model;
			sourceTree = "<group>";
		};
		1D890A7C1973DD860038D983 /* AppDelegate */ = {
			isa = PBXGroup;
			children = (
				1D890A4C1973DB320038D983 /* CRAppDelegate.h */,
				1D890A4D1973DB320038D983 /* CRAppDelegate.m */,
			);
			name = AppDelegate;
			sourceTree = "<group>";
		};
/* End PBXGroup section */

/* Begin PBXNativeTarget section */
		1D890A391973DB320038D983 /* DiagramFinalProject */ = {
			isa = PBXNativeTarget;
			buildConfigurationList = 1D890A6C1973DB330038D983 /* Build configuration list for PBXNativeTarget "DiagramFinalProject" */;
			buildPhases = (
				1D890A361973DB320038D983 /* Sources */,
				1D890A371973DB320038D983 /* Frameworks */,
				1D890A381973DB320038D983 /* Resources */,
			);
			buildRules = (
			);
			dependencies = (
			);
			name = DiagramFinalProject;
			productName = DiagramFinalProject;
			productReference = 1D890A3A1973DB320038D983 /* DiagramFinalProject.app */;
			productType = "com.apple.product-type.application";
		};
		1D890A5A1973DB330038D983 /* DiagramFinalProjectTests */ = {
			isa = PBXNativeTarget;
			buildConfigurationList = 1D890A6F1973DB330038D983 /* Build configuration list for PBXNativeTarget "DiagramFinalProjectTests" */;
			buildPhases = (
				1D890A571973DB330038D983 /* Sources */,
				1D890A581973DB330038D983 /* Frameworks */,
				1D890A591973DB330038D983 /* Resources */,
			);
			buildRules = (
			);
			dependencies = (
				1D890A611973DB330038D983 /* PBXTargetDependency */,
			);
			name = DiagramFinalProjectTests;
			productName = DiagramFinalProjectTests;
			productReference = 1D890A5B1973DB330038D983 /* DiagramFinalProjectTests.xctest */;
			productType = "com.apple.product-type.bundle.unit-test";
		};
/* End PBXNativeTarget section */

/* Begin PBXProject section */
		1D890A321973DB320038D983 /* Project object */ = {
			isa = PBXProject;
			attributes = {
				CLASSPREFIX = CR;
				LastUpgradeCheck = 0510;
				ORGANIZATIONNAME = CRoigSalvador;
				TargetAttributes = {
					1D890A5A1973DB330038D983 = {
						TestTargetID = 1D890A391973DB320038D983;
					};
				};
			};
			buildConfigurationList = 1D890A351973DB320038D983 /* Build configuration list for PBXProject "DiagramFinalProject" */;
			compatibilityVersion = "Xcode 3.2";
			developmentRegion = English;
			hasScannedForEncodings = 0;
			knownRegions = (
				en,
				Base,
			);
			mainGroup = 1D890A311973DB320038D983;
			productRefGroup = 1D890A3B1973DB320038D983 /* Products */;
			projectDirPath = "";
			projectRoot = "";
			targets = (
				1D890A391973DB320038D983 /* DiagramFinalProject */,
				1D890A5A1973DB330038D983 /* DiagramFinalProjectTests */,
			);
		};
/* End PBXProject section */

/* Begin PBXResourcesBuildPhase section */
		1D890A381973DB320038D983 /* Resources */ = {
			isa = PBXResourcesBuildPhase;
			buildActionMask = 2147483647;
			files = (
				1D890A561973DB320038D983 /* Images.xcassets in Resources */,
				1D890A481973DB320038D983 /* InfoPlist.strings in Resources */,
				1D890A511973DB320038D983 /* Main.storyboard in Resources */,
			);
			runOnlyForDeploymentPostprocessing = 0;
		};
		1D890A591973DB330038D983 /* Resources */ = {
			isa = PBXResourcesBuildPhase;
			buildActionMask = 2147483647;
			files = (
				1D890A671973DB330038D983 /* InfoPlist.strings in Resources */,
			);
			runOnlyForDeploymentPostprocessing = 0;
		};
/* End PBXResourcesBuildPhase section */

/* Begin PBXSourcesBuildPhase section */
		1D890A361973DB320038D983 /* Sources */ = {
			isa = PBXSourcesBuildPhase;
			buildActionMask = 2147483647;
			files = (
				1D890A7B1973DD6A0038D983 /* Node.m in Sources */,
				1D890A4A1973DB320038D983 /* main.m in Sources */,
				1D890A4E1973DB320038D983 /* CRAppDelegate.m in Sources */,
				1D890A541973DB320038D983 /* CRViewController.m in Sources */,
				1D890A751973DB510038D983 /* DiagramModel.xcdatamodeld in Sources */,
			);
			runOnlyForDeploymentPostprocessing = 0;
		};
		1D890A571973DB330038D983 /* Sources */ = {
			isa = PBXSourcesBuildPhase;
			buildActionMask = 2147483647;
			files = (
				1D890A691973DB330038D983 /* DiagramFinalProjectTests.m in Sources */,
			);
			runOnlyForDeploymentPostprocessing = 0;
		};
/* End PBXSourcesBuildPhase section */

/* Begin PBXTargetDependency section */
		1D890A611973DB330038D983 /* PBXTargetDependency */ = {
			isa = PBXTargetDependency;
			target = 1D890A391973DB320038D983 /* DiagramFinalProject */;
			targetProxy = 1D890A601973DB330038D983 /* PBXContainerItemProxy */;
		};
/* End PBXTargetDependency section */

/* Begin PBXVariantGroup section */
		1D890A461973DB320038D983 /* InfoPlist.strings */ = {
			isa = PBXVariantGroup;
			children = (
				1D890A471973DB320038D983 /* en */,
			);
			name = InfoPlist.strings;
			sourceTree = "<group>";
		};
		1D890A4F1973DB320038D983 /* Main.storyboard */ = {
			isa = PBXVariantGroup;
			children = (
				1D890A501973DB320038D983 /* Base */,
			);
			name = Main.storyboard;
			sourceTree = "<group>";
		};
		1D890A651973DB330038D983 /* InfoPlist.strings */ = {
			isa = PBXVariantGroup;
			children = (
				1D890A661973DB330038D983 /* en */,
			);
			name = InfoPlist.strings;
			sourceTree = "<group>";
		};
/* End PBXVariantGroup section */

/* Begin XCBuildConfiguration section */
		1D890A6A1973DB330038D983 /* Debug */ = {
			isa = XCBuildConfiguration;
			buildSettings = {
				ALWAYS_SEARCH_USER_PATHS = NO;
				CLANG_CXX_LANGUAGE_STANDARD = "gnu++0x";
				CLANG_CXX_LIBRARY = "libc++";
				CLANG_ENABLE_MODULES = YES;
				CLANG_ENABLE_OBJC_ARC = YES;
				CLANG_WARN_BOOL_CONVERSION = YES;
				CLANG_WARN_CONSTANT_CONVERSION = YES;
				CLANG_WARN_DIRECT_OBJC_ISA_USAGE = YES_ERROR;
				CLANG_WARN_EMPTY_BODY = YES;
				CLANG_WARN_ENUM_CONVERSION = YES;
				CLANG_WARN_INT_CONVERSION = YES;
				CLANG_WARN_OBJC_ROOT_CLASS = YES_ERROR;
				CLANG_WARN__DUPLICATE_METHOD_MATCH = YES;
				"CODE_SIGN_IDENTITY[sdk=iphoneos*]" = "iPhone Developer";
				COPY_PHASE_STRIP = NO;
				GCC_C_LANGUAGE_STANDARD = gnu99;
				GCC_DYNAMIC_NO_PIC = NO;
				GCC_OPTIMIZATION_LEVEL = 0;
				GCC_PREPROCESSOR_DEFINITIONS = (
					"DEBUG=1",
					"$(inherited)",
				);
				GCC_SYMBOLS_PRIVATE_EXTERN = NO;
				GCC_WARN_64_TO_32_BIT_CONVERSION = YES;
				GCC_WARN_ABOUT_RETURN_TYPE = YES_ERROR;
				GCC_WARN_UNDECLARED_SELECTOR = YES;
				GCC_WARN_UNINITIALIZED_AUTOS = YES_AGGRESSIVE;
				GCC_WARN_UNUSED_FUNCTION = YES;
				GCC_WARN_UNUSED_VARIABLE = YES;
				IPHONEOS_DEPLOYMENT_TARGET = 7.1;
				ONLY_ACTIVE_ARCH = YES;
				SDKROOT = iphoneos;
				TARGETED_DEVICE_FAMILY = 2;
			};
			name = Debug;
		};
		1D890A6B1973DB330038D983 /* Release */ = {
			isa = XCBuildConfiguration;
			buildSettings = {
				ALWAYS_SEARCH_USER_PATHS = NO;
				CLANG_CXX_LANGUAGE_STANDARD = "gnu++0x";
				CLANG_CXX_LIBRARY = "libc++";
				CLANG_ENABLE_MODULES = YES;
				CLANG_ENABLE_OBJC_ARC = YES;
				CLANG_WARN_BOOL_CONVERSION = YES;
				CLANG_WARN_CONSTANT_CONVERSION = YES;
				CLANG_WARN_DIRECT_OBJC_ISA_USAGE = YES_ERROR;
				CLANG_WARN_EMPTY_BODY = YES;
				CLANG_WARN_ENUM_CONVERSION = YES;
				CLANG_WARN_INT_CONVERSION = YES;
				CLANG_WARN_OBJC_ROOT_CLASS = YES_ERROR;
				CLANG_WARN__DUPLICATE_METHOD_MATCH = YES;
				"CODE_SIGN_IDENTITY[sdk=iphoneos*]" = "iPhone Developer";
				COPY_PHASE_STRIP = YES;
				ENABLE_NS_ASSERTIONS = NO;
				GCC_C_LANGUAGE_STANDARD = gnu99;
				GCC_WARN_64_TO_32_BIT_CONVERSION = YES;
				GCC_WARN_ABOUT_RETURN_TYPE = YES_ERROR;
				GCC_WARN_UNDECLARED_SELECTOR = YES;
				GCC_WARN_UNINITIALIZED_AUTOS = YES_AGGRESSIVE;
				GCC_WARN_UNUSED_FUNCTION = YES;
				GCC_WARN_UNUSED_VARIABLE = YES;
				IPHONEOS_DEPLOYMENT_TARGET = 7.1;
				SDKROOT = iphoneos;
				TARGETED_DEVICE_FAMILY = 2;
				VALIDATE_PRODUCT = YES;
			};
			name = Release;
		};
		1D890A6D1973DB330038D983 /* Debug */ = {
			isa = XCBuildConfiguration;
			buildSettings = {
				ASSETCATALOG_COMPILER_APPICON_NAME = AppIcon;
				ASSETCATALOG_COMPILER_LAUNCHIMAGE_NAME = LaunchImage;
				GCC_PRECOMPILE_PREFIX_HEADER = YES;
				GCC_PREFIX_HEADER = "DiagramFinalProject/DiagramFinalProject-Prefix.pch";
				INFOPLIST_FILE = "DiagramFinalProject/DiagramFinalProject-Info.plist";
				PRODUCT_NAME = "$(TARGET_NAME)";
				WRAPPER_EXTENSION = app;
			};
			name = Debug;
		};
		1D890A6E1973DB330038D983 /* Release */ = {
			isa = XCBuildConfiguration;
			buildSettings = {
				ASSETCATALOG_COMPILER_APPICON_NAME = AppIcon;
				ASSETCATALOG_COMPILER_LAUNCHIMAGE_NAME = LaunchImage;
				GCC_PRECOMPILE_PREFIX_HEADER = YES;
				GCC_PREFIX_HEADER = "DiagramFinalProject/DiagramFinalProject-Prefix.pch";
				INFOPLIST_FILE = "DiagramFinalProject/DiagramFinalProject-Info.plist";
				PRODUCT_NAME = "$(TARGET_NAME)";
				WRAPPER_EXTENSION = app;
			};
			name = Release;
		};
		1D890A701973DB330038D983 /* Debug */ = {
			isa = XCBuildConfiguration;
			buildSettings = {
				BUNDLE_LOADER = "$(BUILT_PRODUCTS_DIR)/DiagramFinalProject.app/DiagramFinalProject";
				FRAMEWORK_SEARCH_PATHS = (
					"$(SDKROOT)/Developer/Library/Frameworks",
					"$(inherited)",
					"$(DEVELOPER_FRAMEWORKS_DIR)",
				);
				GCC_PRECOMPILE_PREFIX_HEADER = YES;
				GCC_PREFIX_HEADER = "DiagramFinalProject/DiagramFinalProject-Prefix.pch";
				GCC_PREPROCESSOR_DEFINITIONS = (
					"DEBUG=1",
					"$(inherited)",
				);
				INFOPLIST_FILE = "DiagramFinalProjectTests/DiagramFinalProjectTests-Info.plist";
				PRODUCT_NAME = "$(TARGET_NAME)";
				TEST_HOST = "$(BUNDLE_LOADER)";
				WRAPPER_EXTENSION = xctest;
			};
			name = Debug;
		};
		1D890A711973DB330038D983 /* Release */ = {
			isa = XCBuildConfiguration;
			buildSettings = {
				BUNDLE_LOADER = "$(BUILT_PRODUCTS_DIR)/DiagramFinalProject.app/DiagramFinalProject";
				FRAMEWORK_SEARCH_PATHS = (
					"$(SDKROOT)/Developer/Library/Frameworks",
					"$(inherited)",
					"$(DEVELOPER_FRAMEWORKS_DIR)",
				);
				GCC_PRECOMPILE_PREFIX_HEADER = YES;
				GCC_PREFIX_HEADER = "DiagramFinalProject/DiagramFinalProject-Prefix.pch";
				INFOPLIST_FILE = "DiagramFinalProjectTests/DiagramFinalProjectTests-Info.plist";
				PRODUCT_NAME = "$(TARGET_NAME)";
				TEST_HOST = "$(BUNDLE_LOADER)";
				WRAPPER_EXTENSION = xctest;
			};
			name = Release;
		};
/* End XCBuildConfiguration section */

/* Begin XCConfigurationList section */
		1D890A351973DB320038D983 /* Build configuration list for PBXProject "DiagramFinalProject" */ = {
			isa = XCConfigurationList;
			buildConfigurations = (
				1D890A6A1973DB330038D983 /* Debug */,
				1D890A6B1973DB330038D983 /* Release */,
			);
			defaultConfigurationIsVisible = 0;
			defaultConfigurationName = Release;
		};
		1D890A6C1973DB330038D983 /* Build configuration list for PBXNativeTarget "DiagramFinalProject" */ = {
			isa = XCConfigurationList;
			buildConfigurations = (
				1D890A6D1973DB330038D983 /* Debug */,
				1D890A6E1973DB330038D983 /* Release */,
			);
			defaultConfigurationIsVisible = 0;
		};
		1D890A6F1973DB330038D983 /* Build configuration list for PBXNativeTarget "DiagramFinalProjectTests" */ = {
			isa = XCConfigurationList;
			buildConfigurations = (
				1D890A701973DB330038D983 /* Debug */,
				1D890A711973DB330038D983 /* Release */,
			);
			defaultConfigurationIsVisible = 0;
		};
/* End XCConfigurationList section */

/* Begin XCVersionGroup section */
		1D890A731973DB510038D983 /* DiagramModel.xcdatamodeld */ = {
			isa = XCVersionGroup;
			children = (
				1D890A741973DB510038D983 /* DiagramModel.xcdatamodel */,
			);
			currentVersion = 1D890A741973DB510038D983 /* DiagramModel.xcdatamodel */;
			path = DiagramModel.xcdatamodeld;
			sourceTree = "<group>";
			versionGroupType = wrapper.xcdatamodel;
		};
/* End XCVersionGroup section */
	};
	rootObject = 1D890A321973DB320038D983 /* Project object */;
}
